
Microsoft Visual Studio Solution File, Format Version 12.00
# Visual Studio 15
Project("{FAE04EC0-301F-11D3-BF4B-00C04F79EFBC}") = "UnityEngine.TestRunner", "UnityEngine.TestRunner.csproj", "{DCEA761D-6DC1-8237-513C-C2D996D3C41D}"
EndProject
Project("{FAE04EC0-301F-11D3-BF4B-00C04F79EFBC}") = "Unity.Mathematics", "Unity.Mathematics.csproj", "{B3DE6A23-BD41-C220-6522-4CF840432E33}"
EndProject
Project("{FAE04EC0-301F-11D3-BF4B-00C04F79EFBC}") = "Unity.2D.Animation.Triangle.Runtime", "Unity.2D.Animation.Triangle.Runtime.csproj", "{993932FE-4446-88D2-7CA9-DE3CFC0B8DBA}"
EndProject
Project("{FAE04EC0-301F-11D3-BF4B-00C04F79EFBC}") = "Unity.Timeline", "Unity.Timeline.csproj", "{B8A6F3C0-AC01-8D64-ED14-419091955C08}"
EndProject
Project("{FAE04EC0-301F-11D3-BF4B-00C04F79EFBC}") = "UnityEngine.UI", "UnityEngine.UI.csproj", "{678240B1-6767-5AB8-C612-087CA3E2567B}"
EndProject
Project("{FAE04EC0-301F-11D3-BF4B-00C04F79EFBC}") = "Assembly-CSharp", "Assembly-CSharp.csproj", "{0654AF8F-2294-99AC-ECE3-B9BF34A9C76E}"
EndProject
Project("{FAE04EC0-301F-11D3-BF4B-00C04F79EFBC}") = "Unity.TextMeshPro", "Unity.TextMeshPro.csproj", "{25C77268-A5D2-93DE-08FD-ED26C7DBEE1F}"
EndProject
Project("{FAE04EC0-301F-11D3-BF4B-00C04F79EFBC}") = "Unity.2D.Tilemap.Extras", "Unity.2D.Tilemap.Extras.csproj", "{1F46CA6C-F348-0487-BAF5-63981CEAA591}"
EndProject
Project("{FAE04EC0-301F-11D3-BF4B-00C04F79EFBC}") = "Unity.2D.Animation.Runtime", "Unity.2D.Animation.Runtime.csproj", "{A6D9E9C4-19DE-2AE1-BB88-A6979DF66B3D}"
EndProject
Project("{FAE04EC0-301F-11D3-BF4B-00C04F79EFBC}") = "Unity.2D.IK.Runtime", "Unity.2D.IK.Runtime.csproj", "{7AD72216-6CE1-C3C1-E01E-4E8966EB9130}"
EndProject
Project("{FAE04EC0-301F-11D3-BF4B-00C04F79EFBC}") = "Unity.2D.SpriteShape.Runtime", "Unity.2D.SpriteShape.Runtime.csproj", "{A2BB140C-30D0-4FE5-4E28-D7657C5E4366}"
EndProject
Project("{FAE04EC0-301F-11D3-BF4B-00C04F79EFBC}") = "Unity.2D.PixelPerfect", "Unity.2D.PixelPerfect.csproj", "{98572120-84D2-3690-48CF-EE91D0222087}"
EndProject
Project("{FAE04EC0-301F-11D3-BF4B-00C04F79EFBC}") = "Unity.2D.Common.Runtime", "Unity.2D.Common.Runtime.csproj", "{4114F0FF-9ADE-D73B-A00A-2F712E2F3F87}"
EndProject
Project("{FAE04EC0-301F-11D3-BF4B-00C04F79EFBC}") = "Unity.InternalAPIEngineBridge.001", "Unity.InternalAPIEngineBridge.001.csproj", "{B4785054-59F0-F08F-926A-FA222C3D0758}"
EndProject
Project("{FAE04EC0-301F-11D3-BF4B-00C04F79EFBC}") = "UnityEditor.TestRunner", "UnityEditor.TestRunner.csproj", "{F124846D-726D-501D-143D-EC4D5BC8F919}"
EndProject
Project("{FAE04EC0-301F-11D3-BF4B-00C04F79EFBC}") = "UnityEditor.UI", "UnityEditor.UI.csproj", "{ACF1D6F7-EEA2-A291-1E18-56E4B9FC196B}"
EndProject
Project("{FAE04EC0-301F-11D3-BF4B-00C04F79EFBC}") = "Unity.Timeline.Editor", "Unity.Timeline.Editor.csproj", "{2E070502-E1D4-5F3B-2080-8216793A2E93}"
EndProject
Project("{FAE04EC0-301F-11D3-BF4B-00C04F79EFBC}") = "Unity.VisualStudio.Editor", "Unity.VisualStudio.Editor.csproj", "{90A1965F-20E8-48E0-8CED-09BAE6BBBDFF}"
EndProject
Project("{FAE04EC0-301F-11D3-BF4B-00C04F79EFBC}") = "Unity.2D.Psdimporter.Editor", "Unity.2D.Psdimporter.Editor.csproj", "{D3C12837-E8E2-93D1-5906-320164A3BC6C}"
EndProject
Project("{FAE04EC0-301F-11D3-BF4B-00C04F79EFBC}") = "Unity.2D.Animation.Editor", "Unity.2D.Animation.Editor.csproj", "{8DB3AD1D-6FF6-11ED-8876-18BD284E0567}"
EndProject
Project("{FAE04EC0-301F-11D3-BF4B-00C04F79EFBC}") = "Unity.TextMeshPro.Editor", "Unity.TextMeshPro.Editor.csproj", "{2C6DC302-B0E0-A4B8-4F9A-309481DAFBEA}"
EndProject
Project("{FAE04EC0-301F-11D3-BF4B-00C04F79EFBC}") = "Unity.2D.SpriteShape.Editor", "Unity.2D.SpriteShape.Editor.csproj", "{FBA0F3DA-8CF3-A1D5-5EEA-141BBF154874}"
EndProject
Project("{FAE04EC0-301F-11D3-BF4B-00C04F79EFBC}") = "Unity.CollabProxy.Editor", "Unity.CollabProxy.Editor.csproj", "{04C32FE0-2F4C-7298-86B3-97AFEACC94A5}"
EndProject
Project("{FAE04EC0-301F-11D3-BF4B-00C04F79EFBC}") = "PsdPlugin", "PsdPlugin.csproj", "{02673149-761A-1293-3F59-6A9AC1C2AAF7}"
EndProject
Project("{FAE04EC0-301F-11D3-BF4B-00C04F79EFBC}") = "Unity.2D.Path.Editor", "Unity.2D.Path.Editor.csproj", "{4038874D-CE95-FE61-4D44-A71722C97814}"
EndProject
Project("{FAE04EC0-301F-11D3-BF4B-00C04F79EFBC}") = "Unity.2D.Tilemap.Extras.Editor", "Unity.2D.Tilemap.Extras.Editor.csproj", "{D4897A98-04DB-B63A-F801-C51C6F36B0AA}"
EndProject
Project("{FAE04EC0-301F-11D3-BF4B-00C04F79EFBC}") = "Unity.Rider.Editor", "Unity.Rider.Editor.csproj", "{6A0F3211-EC6B-A258-EB18-74330F499A99}"
EndProject
Project("{FAE04EC0-301F-11D3-BF4B-00C04F79EFBC}") = "Unity.2D.IK.Editor", "Unity.2D.IK.Editor.csproj", "{20ED2E14-50A4-C019-A83C-6425C476E2C1}"
EndProject
Project("{FAE04EC0-301F-11D3-BF4B-00C04F79EFBC}") = "Unity.2D.Sprite.Editor", "Unity.2D.Sprite.Editor.csproj", "{E86D7B76-C369-FB27-F2E7-67989935B849}"
EndProject
Project("{FAE04EC0-301F-11D3-BF4B-00C04F79EFBC}") = "Unity.2D.Tilemap.Editor", "Unity.2D.Tilemap.Editor.csproj", "{436A36AD-40E1-7252-D3C9-B495682098B9}"
EndProject
Project("{FAE04EC0-301F-11D3-BF4B-00C04F79EFBC}") = "Unity.2D.PixelPerfect.Editor", "Unity.2D.PixelPerfect.Editor.csproj", "{B5101AC6-1AB4-59E9-9450-EA6FBD9ACABA}"
EndProject
Project("{FAE04EC0-301F-11D3-BF4B-00C04F79EFBC}") = "Unity.VSCode.Editor", "Unity.VSCode.Editor.csproj", "{B4E421D8-3B91-A363-9188-102D91934B3E}"
EndProject
Project("{FAE04EC0-301F-11D3-BF4B-00C04F79EFBC}") = "Unity.2D.Common.Editor", "Unity.2D.Common.Editor.csproj", "{BCB34D2D-6D47-62DB-B05C-1713E89B522A}"
EndProject
Project("{FAE04EC0-301F-11D3-BF4B-00C04F79EFBC}") = "Unity.Mathematics.Editor", "Unity.Mathematics.Editor.csproj", "{910592F2-0096-00EB-3C50-79BBFCC02FD2}"
EndProject
Project("{FAE04EC0-301F-11D3-BF4B-00C04F79EFBC}") = "Unity.InternalAPIEditorBridge.001", "Unity.InternalAPIEditorBridge.001.csproj", "{59A4C90D-40F2-151E-5112-7512215870EB}"
EndProject
Project("{FAE04EC0-301F-11D3-BF4B-00C04F79EFBC}") = "Assembly-CSharp-Editor", "Assembly-CSharp-Editor.csproj", "{A478D3A4-FBE9-66ED-B617-B2C2634A9787}"
EndProject
Project("{FAE04EC0-301F-11D3-BF4B-00C04F79EFBC}") = "UnityEngine.TestRunner", "UnityEngine.TestRunner.Player.csproj", "{723E5FDF-CF0E-0EF7-5A77-46FDB3395A2B}"
EndProject
Project("{FAE04EC0-301F-11D3-BF4B-00C04F79EFBC}") = "Unity.Mathematics", "Unity.Mathematics.Player.csproj", "{48B4E429-1D1F-ABBC-FE23-2D5766C9BC49}"
EndProject
Project("{FAE04EC0-301F-11D3-BF4B-00C04F79EFBC}") = "Unity.2D.Animation.Triangle.Runtime", "Unity.2D.Animation.Triangle.Runtime.Player.csproj", "{30CB98C9-F4C3-D7C3-31BA-59F20B2B9C36}"
EndProject
Project("{FAE04EC0-301F-11D3-BF4B-00C04F79EFBC}") = "Unity.Timeline", "Unity.Timeline.Player.csproj", "{612DA3F9-F064-CB6B-D1C3-6D62CF271379}"
EndProject
Project("{FAE04EC0-301F-11D3-BF4B-00C04F79EFBC}") = "UnityEngine.UI", "UnityEngine.UI.Player.csproj", "{8F4530A5-6DB7-5207-19F8-E7EC0B7EBC30}"
EndProject
Project("{FAE04EC0-301F-11D3-BF4B-00C04F79EFBC}") = "Assembly-CSharp", "Assembly-CSharp.Player.csproj", "{361F8910-45F5-DFFF-4607-DC63585BE8F3}"
EndProject
Project("{FAE04EC0-301F-11D3-BF4B-00C04F79EFBC}") = "Unity.TextMeshPro", "Unity.TextMeshPro.Player.csproj", "{9431629C-00C8-FD40-962C-D39E05D80146}"
EndProject
Project("{FAE04EC0-301F-11D3-BF4B-00C04F79EFBC}") = "Unity.2D.Tilemap.Extras", "Unity.2D.Tilemap.Extras.Player.csproj", "{D242B9BF-B742-95AC-4DB0-285FC4EF98D2}"
EndProject
Project("{FAE04EC0-301F-11D3-BF4B-00C04F79EFBC}") = "Unity.2D.Animation.Runtime", "Unity.2D.Animation.Runtime.Player.csproj", "{00CAB1BC-5A88-C6E8-B9C5-1CDEB0CE0E4D}"
EndProject
Project("{FAE04EC0-301F-11D3-BF4B-00C04F79EFBC}") = "Unity.2D.IK.Runtime", "Unity.2D.IK.Runtime.Player.csproj", "{9C55C403-838D-214A-A83A-EE486926D488}"
EndProject
Project("{FAE04EC0-301F-11D3-BF4B-00C04F79EFBC}") = "Unity.2D.SpriteShape.Runtime", "Unity.2D.SpriteShape.Runtime.Player.csproj", "{F35156E3-8E9B-F8CA-5349-E0B97FC0C58A}"
EndProject
Project("{FAE04EC0-301F-11D3-BF4B-00C04F79EFBC}") = "Unity.2D.PixelPerfect", "Unity.2D.PixelPerfect.Player.csproj", "{1A60FD8C-AF8E-94AB-C97C-13FD587DBF35}"
EndProject
Project("{FAE04EC0-301F-11D3-BF4B-00C04F79EFBC}") = "Unity.2D.Common.Runtime", "Unity.2D.Common.Runtime.Player.csproj", "{9A62727C-80AA-7241-7D5E-8640C173DE31}"
EndProject
Project("{FAE04EC0-301F-11D3-BF4B-00C04F79EFBC}") = "Unity.InternalAPIEngineBridge.001", "Unity.InternalAPIEngineBridge.001.Player.csproj", "{FD63375D-CB44-D296-0C61-1D4B8368AB97}"
EndProject
Global
	GlobalSection(SolutionConfigurationPlatforms) = preSolution
		Debug|Any CPU = Debug|Any CPU
		Release|Any CPU = Release|Any CPU
	EndGlobalSection
	GlobalSection(ProjectConfigurationPlatforms) = postSolution
		{DCEA761D-6DC1-8237-513C-C2D996D3C41D}.Debug|Any CPU.ActiveCfg = Debug|Any CPU
		{DCEA761D-6DC1-8237-513C-C2D996D3C41D}.Debug|Any CPU.Build.0 = Debug|Any CPU
		{DCEA761D-6DC1-8237-513C-C2D996D3C41D}.Release|Any CPU.ActiveCfg = Release|Any CPU
		{DCEA761D-6DC1-8237-513C-C2D996D3C41D}.Release|Any CPU.Build.0 = Release|Any CPU
		{B3DE6A23-BD41-C220-6522-4CF840432E33}.Debug|Any CPU.ActiveCfg = Debug|Any CPU
		{B3DE6A23-BD41-C220-6522-4CF840432E33}.Debug|Any CPU.Build.0 = Debug|Any CPU
		{B3DE6A23-BD41-C220-6522-4CF840432E33}.Release|Any CPU.ActiveCfg = Release|Any CPU
		{B3DE6A23-BD41-C220-6522-4CF840432E33}.Release|Any CPU.Build.0 = Release|Any CPU
		{993932FE-4446-88D2-7CA9-DE3CFC0B8DBA}.Debug|Any CPU.ActiveCfg = Debug|Any CPU
		{993932FE-4446-88D2-7CA9-DE3CFC0B8DBA}.Debug|Any CPU.Build.0 = Debug|Any CPU
		{993932FE-4446-88D2-7CA9-DE3CFC0B8DBA}.Release|Any CPU.ActiveCfg = Release|Any CPU
		{993932FE-4446-88D2-7CA9-DE3CFC0B8DBA}.Release|Any CPU.Build.0 = Release|Any CPU
		{B8A6F3C0-AC01-8D64-ED14-419091955C08}.Debug|Any CPU.ActiveCfg = Debug|Any CPU
		{B8A6F3C0-AC01-8D64-ED14-419091955C08}.Debug|Any CPU.Build.0 = Debug|Any CPU
		{B8A6F3C0-AC01-8D64-ED14-419091955C08}.Release|Any CPU.ActiveCfg = Release|Any CPU
		{B8A6F3C0-AC01-8D64-ED14-419091955C08}.Release|Any CPU.Build.0 = Release|Any CPU
		{678240B1-6767-5AB8-C612-087CA3E2567B}.Debug|Any CPU.ActiveCfg = Debug|Any CPU
		{678240B1-6767-5AB8-C612-087CA3E2567B}.Debug|Any CPU.Build.0 = Debug|Any CPU
		{678240B1-6767-5AB8-C612-087CA3E2567B}.Release|Any CPU.ActiveCfg = Release|Any CPU
		{678240B1-6767-5AB8-C612-087CA3E2567B}.Release|Any CPU.Build.0 = Release|Any CPU
		{0654AF8F-2294-99AC-ECE3-B9BF34A9C76E}.Debug|Any CPU.ActiveCfg = Debug|Any CPU
		{0654AF8F-2294-99AC-ECE3-B9BF34A9C76E}.Debug|Any CPU.Build.0 = Debug|Any CPU
		{0654AF8F-2294-99AC-ECE3-B9BF34A9C76E}.Release|Any CPU.ActiveCfg = Release|Any CPU
		{0654AF8F-2294-99AC-ECE3-B9BF34A9C76E}.Release|Any CPU.Build.0 = Release|Any CPU
		{25C77268-A5D2-93DE-08FD-ED26C7DBEE1F}.Debug|Any CPU.ActiveCfg = Debug|Any CPU
		{25C77268-A5D2-93DE-08FD-ED26C7DBEE1F}.Debug|Any CPU.Build.0 = Debug|Any CPU
		{25C77268-A5D2-93DE-08FD-ED26C7DBEE1F}.Release|Any CPU.ActiveCfg = Release|Any CPU
		{25C77268-A5D2-93DE-08FD-ED26C7DBEE1F}.Release|Any CPU.Build.0 = Release|Any CPU
		{1F46CA6C-F348-0487-BAF5-63981CEAA591}.Debug|Any CPU.ActiveCfg = Debug|Any CPU
		{1F46CA6C-F348-0487-BAF5-63981CEAA591}.Debug|Any CPU.Build.0 = Debug|Any CPU
		{1F46CA6C-F348-0487-BAF5-63981CEAA591}.Release|Any CPU.ActiveCfg = Release|Any CPU
		{1F46CA6C-F348-0487-BAF5-63981CEAA591}.Release|Any CPU.Build.0 = Release|Any CPU
		{A6D9E9C4-19DE-2AE1-BB88-A6979DF66B3D}.Debug|Any CPU.ActiveCfg = Debug|Any CPU
		{A6D9E9C4-19DE-2AE1-BB88-A6979DF66B3D}.Debug|Any CPU.Build.0 = Debug|Any CPU
		{A6D9E9C4-19DE-2AE1-BB88-A6979DF66B3D}.Release|Any CPU.ActiveCfg = Release|Any CPU
		{A6D9E9C4-19DE-2AE1-BB88-A6979DF66B3D}.Release|Any CPU.Build.0 = Release|Any CPU
		{7AD72216-6CE1-C3C1-E01E-4E8966EB9130}.Debug|Any CPU.ActiveCfg = Debug|Any CPU
		{7AD72216-6CE1-C3C1-E01E-4E8966EB9130}.Debug|Any CPU.Build.0 = Debug|Any CPU
		{7AD72216-6CE1-C3C1-E01E-4E8966EB9130}.Release|Any CPU.ActiveCfg = Release|Any CPU
		{7AD72216-6CE1-C3C1-E01E-4E8966EB9130}.Release|Any CPU.Build.0 = Release|Any CPU
		{A2BB140C-30D0-4FE5-4E28-D7657C5E4366}.Debug|Any CPU.ActiveCfg = Debug|Any CPU
		{A2BB140C-30D0-4FE5-4E28-D7657C5E4366}.Debug|Any CPU.Build.0 = Debug|Any CPU
		{A2BB140C-30D0-4FE5-4E28-D7657C5E4366}.Release|Any CPU.ActiveCfg = Release|Any CPU
		{A2BB140C-30D0-4FE5-4E28-D7657C5E4366}.Release|Any CPU.Build.0 = Release|Any CPU
		{98572120-84D2-3690-48CF-EE91D0222087}.Debug|Any CPU.ActiveCfg = Debug|Any CPU
		{98572120-84D2-3690-48CF-EE91D0222087}.Debug|Any CPU.Build.0 = Debug|Any CPU
		{98572120-84D2-3690-48CF-EE91D0222087}.Release|Any CPU.ActiveCfg = Release|Any CPU
		{98572120-84D2-3690-48CF-EE91D0222087}.Release|Any CPU.Build.0 = Release|Any CPU
		{4114F0FF-9ADE-D73B-A00A-2F712E2F3F87}.Debug|Any CPU.ActiveCfg = Debug|Any CPU
		{4114F0FF-9ADE-D73B-A00A-2F712E2F3F87}.Debug|Any CPU.Build.0 = Debug|Any CPU
		{4114F0FF-9ADE-D73B-A00A-2F712E2F3F87}.Release|Any CPU.ActiveCfg = Release|Any CPU
		{4114F0FF-9ADE-D73B-A00A-2F712E2F3F87}.Release|Any CPU.Build.0 = Release|Any CPU
		{B4785054-59F0-F08F-926A-FA222C3D0758}.Debug|Any CPU.ActiveCfg = Debug|Any CPU
		{B4785054-59F0-F08F-926A-FA222C3D0758}.Debug|Any CPU.Build.0 = Debug|Any CPU
		{B4785054-59F0-F08F-926A-FA222C3D0758}.Release|Any CPU.ActiveCfg = Release|Any CPU
		{B4785054-59F0-F08F-926A-FA222C3D0758}.Release|Any CPU.Build.0 = Release|Any CPU
		{F124846D-726D-501D-143D-EC4D5BC8F919}.Debug|Any CPU.ActiveCfg = Debug|Any CPU
		{F124846D-726D-501D-143D-EC4D5BC8F919}.Debug|Any CPU.Build.0 = Debug|Any CPU
		{F124846D-726D-501D-143D-EC4D5BC8F919}.Release|Any CPU.ActiveCfg = Release|Any CPU
		{F124846D-726D-501D-143D-EC4D5BC8F919}.Release|Any CPU.Build.0 = Release|Any CPU
		{ACF1D6F7-EEA2-A291-1E18-56E4B9FC196B}.Debug|Any CPU.ActiveCfg = Debug|Any CPU
		{ACF1D6F7-EEA2-A291-1E18-56E4B9FC196B}.Debug|Any CPU.Build.0 = Debug|Any CPU
		{ACF1D6F7-EEA2-A291-1E18-56E4B9FC196B}.Release|Any CPU.ActiveCfg = Release|Any CPU
		{ACF1D6F7-EEA2-A291-1E18-56E4B9FC196B}.Release|Any CPU.Build.0 = Release|Any CPU
		{2E070502-E1D4-5F3B-2080-8216793A2E93}.Debug|Any CPU.ActiveCfg = Debug|Any CPU
		{2E070502-E1D4-5F3B-2080-8216793A2E93}.Debug|Any CPU.Build.0 = Debug|Any CPU
		{2E070502-E1D4-5F3B-2080-8216793A2E93}.Release|Any CPU.ActiveCfg = Release|Any CPU
		{2E070502-E1D4-5F3B-2080-8216793A2E93}.Release|Any CPU.Build.0 = Release|Any CPU
		{90A1965F-20E8-48E0-8CED-09BAE6BBBDFF}.Debug|Any CPU.ActiveCfg = Debug|Any CPU
		{90A1965F-20E8-48E0-8CED-09BAE6BBBDFF}.Debug|Any CPU.Build.0 = Debug|Any CPU
		{90A1965F-20E8-48E0-8CED-09BAE6BBBDFF}.Release|Any CPU.ActiveCfg = Release|Any CPU
		{90A1965F-20E8-48E0-8CED-09BAE6BBBDFF}.Release|Any CPU.Build.0 = Release|Any CPU
		{D3C12837-E8E2-93D1-5906-320164A3BC6C}.Debug|Any CPU.ActiveCfg = Debug|Any CPU
		{D3C12837-E8E2-93D1-5906-320164A3BC6C}.Debug|Any CPU.Build.0 = Debug|Any CPU
		{D3C12837-E8E2-93D1-5906-320164A3BC6C}.Release|Any CPU.ActiveCfg = Release|Any CPU
		{D3C12837-E8E2-93D1-5906-320164A3BC6C}.Release|Any CPU.Build.0 = Release|Any CPU
		{8DB3AD1D-6FF6-11ED-8876-18BD284E0567}.Debug|Any CPU.ActiveCfg = Debug|Any CPU
		{8DB3AD1D-6FF6-11ED-8876-18BD284E0567}.Debug|Any CPU.Build.0 = Debug|Any CPU
		{8DB3AD1D-6FF6-11ED-8876-18BD284E0567}.Release|Any CPU.ActiveCfg = Release|Any CPU
		{8DB3AD1D-6FF6-11ED-8876-18BD284E0567}.Release|Any CPU.Build.0 = Release|Any CPU
		{2C6DC302-B0E0-A4B8-4F9A-309481DAFBEA}.Debug|Any CPU.ActiveCfg = Debug|Any CPU
		{2C6DC302-B0E0-A4B8-4F9A-309481DAFBEA}.Debug|Any CPU.Build.0 = Debug|Any CPU
		{2C6DC302-B0E0-A4B8-4F9A-309481DAFBEA}.Release|Any CPU.ActiveCfg = Release|Any CPU
		{2C6DC302-B0E0-A4B8-4F9A-309481DAFBEA}.Release|Any CPU.Build.0 = Release|Any CPU
		{FBA0F3DA-8CF3-A1D5-5EEA-141BBF154874}.Debug|Any CPU.ActiveCfg = Debug|Any CPU
		{FBA0F3DA-8CF3-A1D5-5EEA-141BBF154874}.Debug|Any CPU.Build.0 = Debug|Any CPU
		{FBA0F3DA-8CF3-A1D5-5EEA-141BBF154874}.Release|Any CPU.ActiveCfg = Release|Any CPU
		{FBA0F3DA-8CF3-A1D5-5EEA-141BBF154874}.Release|Any CPU.Build.0 = Release|Any CPU
		{04C32FE0-2F4C-7298-86B3-97AFEACC94A5}.Debug|Any CPU.ActiveCfg = Debug|Any CPU
		{04C32FE0-2F4C-7298-86B3-97AFEACC94A5}.Debug|Any CPU.Build.0 = Debug|Any CPU
		{04C32FE0-2F4C-7298-86B3-97AFEACC94A5}.Release|Any CPU.ActiveCfg = Release|Any CPU
		{04C32FE0-2F4C-7298-86B3-97AFEACC94A5}.Release|Any CPU.Build.0 = Release|Any CPU
		{02673149-761A-1293-3F59-6A9AC1C2AAF7}.Debug|Any CPU.ActiveCfg = Debug|Any CPU
		{02673149-761A-1293-3F59-6A9AC1C2AAF7}.Debug|Any CPU.Build.0 = Debug|Any CPU
		{02673149-761A-1293-3F59-6A9AC1C2AAF7}.Release|Any CPU.ActiveCfg = Release|Any CPU
		{02673149-761A-1293-3F59-6A9AC1C2AAF7}.Release|Any CPU.Build.0 = Release|Any CPU
		{4038874D-CE95-FE61-4D44-A71722C97814}.Debug|Any CPU.ActiveCfg = Debug|Any CPU
		{4038874D-CE95-FE61-4D44-A71722C97814}.Debug|Any CPU.Build.0 = Debug|Any CPU
		{4038874D-CE95-FE61-4D44-A71722C97814}.Release|Any CPU.ActiveCfg = Release|Any CPU
		{4038874D-CE95-FE61-4D44-A71722C97814}.Release|Any CPU.Build.0 = Release|Any CPU
		{D4897A98-04DB-B63A-F801-C51C6F36B0AA}.Debug|Any CPU.ActiveCfg = Debug|Any CPU
		{D4897A98-04DB-B63A-F801-C51C6F36B0AA}.Debug|Any CPU.Build.0 = Debug|Any CPU
		{D4897A98-04DB-B63A-F801-C51C6F36B0AA}.Release|Any CPU.ActiveCfg = Release|Any CPU
		{D4897A98-04DB-B63A-F801-C51C6F36B0AA}.Release|Any CPU.Build.0 = Release|Any CPU
		{6A0F3211-EC6B-A258-EB18-74330F499A99}.Debug|Any CPU.ActiveCfg = Debug|Any CPU
		{6A0F3211-EC6B-A258-EB18-74330F499A99}.Debug|Any CPU.Build.0 = Debug|Any CPU
		{6A0F3211-EC6B-A258-EB18-74330F499A99}.Release|Any CPU.ActiveCfg = Release|Any CPU
		{6A0F3211-EC6B-A258-EB18-74330F499A99}.Release|Any CPU.Build.0 = Release|Any CPU
		{20ED2E14-50A4-C019-A83C-6425C476E2C1}.Debug|Any CPU.ActiveCfg = Debug|Any CPU
		{20ED2E14-50A4-C019-A83C-6425C476E2C1}.Debug|Any CPU.Build.0 = Debug|Any CPU
		{20ED2E14-50A4-C019-A83C-6425C476E2C1}.Release|Any CPU.ActiveCfg = Release|Any CPU
		{20ED2E14-50A4-C019-A83C-6425C476E2C1}.Release|Any CPU.Build.0 = Release|Any CPU
		{E86D7B76-C369-FB27-F2E7-67989935B849}.Debug|Any CPU.ActiveCfg = Debug|Any CPU
		{E86D7B76-C369-FB27-F2E7-67989935B849}.Debug|Any CPU.Build.0 = Debug|Any CPU
		{E86D7B76-C369-FB27-F2E7-67989935B849}.Release|Any CPU.ActiveCfg = Release|Any CPU
		{E86D7B76-C369-FB27-F2E7-67989935B849}.Release|Any CPU.Build.0 = Release|Any CPU
		{436A36AD-40E1-7252-D3C9-B495682098B9}.Debug|Any CPU.ActiveCfg = Debug|Any CPU
		{436A36AD-40E1-7252-D3C9-B495682098B9}.Debug|Any CPU.Build.0 = Debug|Any CPU
		{436A36AD-40E1-7252-D3C9-B495682098B9}.Release|Any CPU.ActiveCfg = Release|Any CPU
		{436A36AD-40E1-7252-D3C9-B495682098B9}.Release|Any CPU.Build.0 = Release|Any CPU
		{B5101AC6-1AB4-59E9-9450-EA6FBD9ACABA}.Debug|Any CPU.ActiveCfg = Debug|Any CPU
		{B5101AC6-1AB4-59E9-9450-EA6FBD9ACABA}.Debug|Any CPU.Build.0 = Debug|Any CPU
		{B5101AC6-1AB4-59E9-9450-EA6FBD9ACABA}.Release|Any CPU.ActiveCfg = Release|Any CPU
		{B5101AC6-1AB4-59E9-9450-EA6FBD9ACABA}.Release|Any CPU.Build.0 = Release|Any CPU
		{B4E421D8-3B91-A363-9188-102D91934B3E}.Debug|Any CPU.ActiveCfg = Debug|Any CPU
		{B4E421D8-3B91-A363-9188-102D91934B3E}.Debug|Any CPU.Build.0 = Debug|Any CPU
		{B4E421D8-3B91-A363-9188-102D91934B3E}.Release|Any CPU.ActiveCfg = Release|Any CPU
		{B4E421D8-3B91-A363-9188-102D91934B3E}.Release|Any CPU.Build.0 = Release|Any CPU
		{BCB34D2D-6D47-62DB-B05C-1713E89B522A}.Debug|Any CPU.ActiveCfg = Debug|Any CPU
		{BCB34D2D-6D47-62DB-B05C-1713E89B522A}.Debug|Any CPU.Build.0 = Debug|Any CPU
		{BCB34D2D-6D47-62DB-B05C-1713E89B522A}.Release|Any CPU.ActiveCfg = Release|Any CPU
		{BCB34D2D-6D47-62DB-B05C-1713E89B522A}.Release|Any CPU.Build.0 = Release|Any CPU
		{910592F2-0096-00EB-3C50-79BBFCC02FD2}.Debug|Any CPU.ActiveCfg = Debug|Any CPU
		{910592F2-0096-00EB-3C50-79BBFCC02FD2}.Debug|Any CPU.Build.0 = Debug|Any CPU
		{910592F2-0096-00EB-3C50-79BBFCC02FD2}.Release|Any CPU.ActiveCfg = Release|Any CPU
		{910592F2-0096-00EB-3C50-79BBFCC02FD2}.Release|Any CPU.Build.0 = Release|Any CPU
		{59A4C90D-40F2-151E-5112-7512215870EB}.Debug|Any CPU.ActiveCfg = Debug|Any CPU
		{59A4C90D-40F2-151E-5112-7512215870EB}.Debug|Any CPU.Build.0 = Debug|Any CPU
		{59A4C90D-40F2-151E-5112-7512215870EB}.Release|Any CPU.ActiveCfg = Release|Any CPU
		{59A4C90D-40F2-151E-5112-7512215870EB}.Release|Any CPU.Build.0 = Release|Any CPU
		{A478D3A4-FBE9-66ED-B617-B2C2634A9787}.Debug|Any CPU.ActiveCfg = Debug|Any CPU
		{A478D3A4-FBE9-66ED-B617-B2C2634A9787}.Debug|Any CPU.Build.0 = Debug|Any CPU
		{A478D3A4-FBE9-66ED-B617-B2C2634A9787}.Release|Any CPU.ActiveCfg = Release|Any CPU
		{A478D3A4-FBE9-66ED-B617-B2C2634A9787}.Release|Any CPU.Build.0 = Release|Any CPU
		{723E5FDF-CF0E-0EF7-5A77-46FDB3395A2B}.Debug|Any CPU.ActiveCfg = Debug|Any CPU
		{723E5FDF-CF0E-0EF7-5A77-46FDB3395A2B}.Debug|Any CPU.Build.0 = Debug|Any CPU
		{723E5FDF-CF0E-0EF7-5A77-46FDB3395A2B}.Release|Any CPU.ActiveCfg = Release|Any CPU
		{723E5FDF-CF0E-0EF7-5A77-46FDB3395A2B}.Release|Any CPU.Build.0 = Release|Any CPU
		{48B4E429-1D1F-ABBC-FE23-2D5766C9BC49}.Debug|Any CPU.ActiveCfg = Debug|Any CPU
		{48B4E429-1D1F-ABBC-FE23-2D5766C9BC49}.Debug|Any CPU.Build.0 = Debug|Any CPU
		{48B4E429-1D1F-ABBC-FE23-2D5766C9BC49}.Release|Any CPU.ActiveCfg = Release|Any CPU
		{48B4E429-1D1F-ABBC-FE23-2D5766C9BC49}.Release|Any CPU.Build.0 = Release|Any CPU
		{30CB98C9-F4C3-D7C3-31BA-59F20B2B9C36}.Debug|Any CPU.ActiveCfg = Debug|Any CPU
		{30CB98C9-F4C3-D7C3-31BA-59F20B2B9C36}.Debug|Any CPU.Build.0 = Debug|Any CPU
		{30CB98C9-F4C3-D7C3-31BA-59F20B2B9C36}.Release|Any CPU.ActiveCfg = Release|Any CPU
		{30CB98C9-F4C3-D7C3-31BA-59F20B2B9C36}.Release|Any CPU.Build.0 = Release|Any CPU
		{612DA3F9-F064-CB6B-D1C3-6D62CF271379}.Debug|Any CPU.ActiveCfg = Debug|Any CPU
		{612DA3F9-F064-CB6B-D1C3-6D62CF271379}.Debug|Any CPU.Build.0 = Debug|Any CPU
		{612DA3F9-F064-CB6B-D1C3-6D62CF271379}.Release|Any CPU.ActiveCfg = Release|Any CPU
		{612DA3F9-F064-CB6B-D1C3-6D62CF271379}.Release|Any CPU.Build.0 = Release|Any CPU
		{8F4530A5-6DB7-5207-19F8-E7EC0B7EBC30}.Debug|Any CPU.ActiveCfg = Debug|Any CPU
		{8F4530A5-6DB7-5207-19F8-E7EC0B7EBC30}.Debug|Any CPU.Build.0 = Debug|Any CPU
		{8F4530A5-6DB7-5207-19F8-E7EC0B7EBC30}.Release|Any CPU.ActiveCfg = Release|Any CPU
		{8F4530A5-6DB7-5207-19F8-E7EC0B7EBC30}.Release|Any CPU.Build.0 = Release|Any CPU
		{361F8910-45F5-DFFF-4607-DC63585BE8F3}.Debug|Any CPU.ActiveCfg = Debug|Any CPU
		{361F8910-45F5-DFFF-4607-DC63585BE8F3}.Debug|Any CPU.Build.0 = Debug|Any CPU
		{361F8910-45F5-DFFF-4607-DC63585BE8F3}.Release|Any CPU.ActiveCfg = Release|Any CPU
		{361F8910-45F5-DFFF-4607-DC63585BE8F3}.Release|Any CPU.Build.0 = Release|Any CPU
		{9431629C-00C8-FD40-962C-D39E05D80146}.Debug|Any CPU.ActiveCfg = Debug|Any CPU
		{9431629C-00C8-FD40-962C-D39E05D80146}.Debug|Any CPU.Build.0 = Debug|Any CPU
		{9431629C-00C8-FD40-962C-D39E05D80146}.Release|Any CPU.ActiveCfg = Release|Any CPU
		{9431629C-00C8-FD40-962C-D39E05D80146}.Release|Any CPU.Build.0 = Release|Any CPU
		{D242B9BF-B742-95AC-4DB0-285FC4EF98D2}.Debug|Any CPU.ActiveCfg = Debug|Any CPU
		{D242B9BF-B742-95AC-4DB0-285FC4EF98D2}.Debug|Any CPU.Build.0 = Debug|Any CPU
		{D242B9BF-B742-95AC-4DB0-285FC4EF98D2}.Release|Any CPU.ActiveCfg = Release|Any CPU
		{D242B9BF-B742-95AC-4DB0-285FC4EF98D2}.Release|Any CPU.Build.0 = Release|Any CPU
		{00CAB1BC-5A88-C6E8-B9C5-1CDEB0CE0E4D}.Debug|Any CPU.ActiveCfg = Debug|Any CPU
		{00CAB1BC-5A88-C6E8-B9C5-1CDEB0CE0E4D}.Debug|Any CPU.Build.0 = Debug|Any CPU
		{00CAB1BC-5A88-C6E8-B9C5-1CDEB0CE0E4D}.Release|Any CPU.ActiveCfg = Release|Any CPU
		{00CAB1BC-5A88-C6E8-B9C5-1CDEB0CE0E4D}.Release|Any CPU.Build.0 = Release|Any CPU
		{9C55C403-838D-214A-A83A-EE486926D488}.Debug|Any CPU.ActiveCfg = Debug|Any CPU
		{9C55C403-838D-214A-A83A-EE486926D488}.Debug|Any CPU.Build.0 = Debug|Any CPU
		{9C55C403-838D-214A-A83A-EE486926D488}.Release|Any CPU.ActiveCfg = Release|Any CPU
		{9C55C403-838D-214A-A83A-EE486926D488}.Release|Any CPU.Build.0 = Release|Any CPU
		{F35156E3-8E9B-F8CA-5349-E0B97FC0C58A}.Debug|Any CPU.ActiveCfg = Debug|Any CPU
		{F35156E3-8E9B-F8CA-5349-E0B97FC0C58A}.Debug|Any CPU.Build.0 = Debug|Any CPU
		{F35156E3-8E9B-F8CA-5349-E0B97FC0C58A}.Release|Any CPU.ActiveCfg = Release|Any CPU
		{F35156E3-8E9B-F8CA-5349-E0B97FC0C58A}.Release|Any CPU.Build.0 = Release|Any CPU
		{1A60FD8C-AF8E-94AB-C97C-13FD587DBF35}.Debug|Any CPU.ActiveCfg = Debug|Any CPU
		{1A60FD8C-AF8E-94AB-C97C-13FD587DBF35}.Debug|Any CPU.Build.0 = Debug|Any CPU
		{1A60FD8C-AF8E-94AB-C97C-13FD587DBF35}.Release|Any CPU.ActiveCfg = Release|Any CPU
		{1A60FD8C-AF8E-94AB-C97C-13FD587DBF35}.Release|Any CPU.Build.0 = Release|Any CPU
		{9A62727C-80AA-7241-7D5E-8640C173DE31}.Debug|Any CPU.ActiveCfg = Debug|Any CPU
		{9A62727C-80AA-7241-7D5E-8640C173DE31}.Debug|Any CPU.Build.0 = Debug|Any CPU
		{9A62727C-80AA-7241-7D5E-8640C173DE31}.Release|Any CPU.ActiveCfg = Release|Any CPU
		{9A62727C-80AA-7241-7D5E-8640C173DE31}.Release|Any CPU.Build.0 = Release|Any CPU
		{FD63375D-CB44-D296-0C61-1D4B8368AB97}.Debug|Any CPU.ActiveCfg = Debug|Any CPU
		{FD63375D-CB44-D296-0C61-1D4B8368AB97}.Debug|Any CPU.Build.0 = Debug|Any CPU
		{FD63375D-CB44-D296-0C61-1D4B8368AB97}.Release|Any CPU.ActiveCfg = Release|Any CPU
		{FD63375D-CB44-D296-0C61-1D4B8368AB97}.Release|Any CPU.Build.0 = Release|Any CPU
	EndGlobalSection
	GlobalSection(SolutionProperties) = preSolution
		HideSolutionNode = FALSE
	EndGlobalSection
EndGlobal
